// !$*UTF8*$!
{
	archiveVersion = 1;
	classes = {
	};
	objectVersion = 56;
	objects = {

/* Begin PBXBuildFile section */
		D926A90E2C45F67700B421EF /* BookManager.swift in Sources */ = {isa = PBXBuildFile; fileRef = D926A90D2C45F67700B421EF /* BookManager.swift */; };
		D92B26D22C45E3F400A50C66 /* bookTrackerApp.swift in Sources */ = {isa = PBXBuildFile; fileRef = D92B26D12C45E3F400A50C66 /* bookTrackerApp.swift */; };
		D92B26D42C45E3F400A50C66 /* ContentView.swift in Sources */ = {isa = PBXBuildFile; fileRef = D92B26D32C45E3F400A50C66 /* ContentView.swift */; };
		D92B26D62C45E3F500A50C66 /* Assets.xcassets in Resources */ = {isa = PBXBuildFile; fileRef = D92B26D52C45E3F500A50C66 /* Assets.xcassets */; };
		D92B26D92C45E3F500A50C66 /* Preview Assets.xcassets in Resources */ = {isa = PBXBuildFile; fileRef = D92B26D82C45E3F500A50C66 /* Preview Assets.xcassets */; };
		D92B26E22C45E6C000A50C66 /* HomeView.swift in Sources */ = {isa = PBXBuildFile; fileRef = D92B26E12C45E6C000A50C66 /* HomeView.swift */; };
		D92B26E42C45E6EA00A50C66 /* BeActivTabView.swift in Sources */ = {isa = PBXBuildFile; fileRef = D92B26E32C45E6EA00A50C66 /* BeActivTabView.swift */; };
		D92B26E62C45E89600A50C66 /* ActivityCard.swift in Sources */ = {isa = PBXBuildFile; fileRef = D92B26E52C45E89600A50C66 /* ActivityCard.swift */; };
/* End PBXBuildFile section */

/* Begin PBXFileReference section */
		D926A90D2C45F67700B421EF /* BookManager.swift */ = {isa = PBXFileReference; lastKnownFileType = sourcecode.swift; path = BookManager.swift; sourceTree = "<group>"; };
		D92B26CE2C45E3F400A50C66 /* bookTracker.app */ = {isa = PBXFileReference; explicitFileType = wrapper.application; includeInIndex = 0; path = bookTracker.app; sourceTree = BUILT_PRODUCTS_DIR; };
		D92B26D12C45E3F400A50C66 /* bookTrackerApp.swift */ = {isa = PBXFileReference; lastKnownFileType = sourcecode.swift; path = bookTrackerApp.swift; sourceTree = "<group>"; };
		D92B26D32C45E3F400A50C66 /* ContentView.swift */ = {isa = PBXFileReference; lastKnownFileType = sourcecode.swift; path = ContentView.swift; sourceTree = "<group>"; };
		D92B26D52C45E3F500A50C66 /* Assets.xcassets */ = {isa = PBXFileReference; lastKnownFileType = folder.assetcatalog; path = Assets.xcassets; sourceTree = "<group>"; };
		D92B26D82C45E3F500A50C66 /* Preview Assets.xcassets */ = {isa = PBXFileReference; lastKnownFileType = folder.assetcatalog; path = "Preview Assets.xcassets"; sourceTree = "<group>"; };
		D92B26E12C45E6C000A50C66 /* HomeView.swift */ = {isa = PBXFileReference; lastKnownFileType = sourcecode.swift; path = HomeView.swift; sourceTree = "<group>"; };
		D92B26E32C45E6EA00A50C66 /* BeActivTabView.swift */ = {isa = PBXFileReference; lastKnownFileType = sourcecode.swift; path = BeActivTabView.swift; sourceTree = "<group>"; };
		D92B26E52C45E89600A50C66 /* ActivityCard.swift */ = {isa = PBXFileReference; lastKnownFileType = sourcecode.swift; path = ActivityCard.swift; sourceTree = "<group>"; };
		D9DA9AFF2C45FCCD00FCBEE2 /* bookTracker.entitlements */ = {isa = PBXFileReference; lastKnownFileType = text.plist.entitlements; path = bookTracker.entitlements; sourceTree = "<group>"; };
		D9DA9B002C45FD8000FCBEE2 /* Info.plist */ = {isa = PBXFileReference; lastKnownFileType = text.plist; path = Info.plist; sourceTree = "<group>"; };
/* End PBXFileReference section */

/* Begin PBXFrameworksBuildPhase section */
		D92B26CB2C45E3F400A50C66 /* Frameworks */ = {
			isa = PBXFrameworksBuildPhase;
			buildActionMask = 2147483647;
			files = (
			);
			runOnlyForDeploymentPostprocessing = 0;
		};
/* End PBXFrameworksBuildPhase section */

/* Begin PBXGroup section */
		D92B26C52C45E3F400A50C66 = {
			isa = PBXGroup;
			children = (
				D92B26D02C45E3F400A50C66 /* bookTracker */,
				D92B26CF2C45E3F400A50C66 /* Products */,
			);
			sourceTree = "<group>";
		};
		D92B26CF2C45E3F400A50C66 /* Products */ = {
			isa = PBXGroup;
			children = (
				D92B26CE2C45E3F400A50C66 /* bookTracker.app */,
			);
			name = Products;
			sourceTree = "<group>";
		};
		D92B26D02C45E3F400A50C66 /* bookTracker */ = {
			isa = PBXGroup;
			children = (
				D9DA9B002C45FD8000FCBEE2 /* Info.plist */,
				D9DA9AFF2C45FCCD00FCBEE2 /* bookTracker.entitlements */,
				D92B26D12C45E3F400A50C66 /* bookTrackerApp.swift */,
				D92B26D32C45E3F400A50C66 /* ContentView.swift */,
				D92B26D52C45E3F500A50C66 /* Assets.xcassets */,
				D92B26D72C45E3F500A50C66 /* Preview Content */,
				D92B26E32C45E6EA00A50C66 /* BeActivTabView.swift */,
				D92B26E12C45E6C000A50C66 /* HomeView.swift */,
				D92B26E52C45E89600A50C66 /* ActivityCard.swift */,
				D926A90D2C45F67700B421EF /* BookManager.swift */,
			);
			path = bookTracker;
			sourceTree = "<group>";
		};
		D92B26D72C45E3F500A50C66 /* Preview Content */ = {
			isa = PBXGroup;
			children = (
				D92B26D82C45E3F500A50C66 /* Preview Assets.xcassets */,
			);
			path = "Preview Content";
			sourceTree = "<group>";
		};
/* End PBXGroup section */

/* Begin PBXNativeTarget section */
		D92B26CD2C45E3F400A50C66 /* bookTracker */ = {
			isa = PBXNativeTarget;
			buildConfigurationList = D92B26DC2C45E3F500A50C66 /* Build configuration list for PBXNativeTarget "bookTracker" */;
			buildPhases = (
				D92B26CA2C45E3F400A50C66 /* Sources */,
				D92B26CB2C45E3F400A50C66 /* Frameworks */,
				D92B26CC2C45E3F400A50C66 /* Resources */,
			);
			buildRules = (
			);
			dependencies = (
			);
			name = bookTracker;
			productName = bookTracker;
			productReference = D92B26CE2C45E3F400A50C66 /* bookTracker.app */;
			productType = "com.apple.product-type.application";
		};
/* End PBXNativeTarget section */

/* Begin PBXProject section */
		D92B26C62C45E3F400A50C66 /* Project object */ = {
			isa = PBXProject;
			attributes = {
				BuildIndependentTargetsInParallel = 1;
				LastSwiftUpdateCheck = 1540;
				LastUpgradeCheck = 1540;
				TargetAttributes = {
					D92B26CD2C45E3F400A50C66 = {
						CreatedOnToolsVersion = 15.4;
					};
				};
			};
			buildConfigurationList = D92B26C92C45E3F400A50C66 /* Build configuration list for PBXProject "bookTracker" */;
			compatibilityVersion = "Xcode 14.0";
			developmentRegion = en;
			hasScannedForEncodings = 0;
			knownRegions = (
				en,
				Base,
			);
			mainGroup = D92B26C52C45E3F400A50C66;
			productRefGroup = D92B26CF2C45E3F400A50C66 /* Products */;
			projectDirPath = "";
			projectRoot = "";
			targets = (
				D92B26CD2C45E3F400A50C66 /* bookTracker */,
			);
		};
/* End PBXProject section */

/* Begin PBXResourcesBuildPhase section */
		D92B26CC2C45E3F400A50C66 /* Resources */ = {
			isa = PBXResourcesBuildPhase;
			buildActionMask = 2147483647;
			files = (
				D92B26D92C45E3F500A50C66 /* Preview Assets.xcassets in Resources */,
				D92B26D62C45E3F500A50C66 /* Assets.xcassets in Resources */,
			);
			runOnlyForDeploymentPostprocessing = 0;
		};
/* End PBXResourcesBuildPhase section */

/* Begin PBXSourcesBuildPhase section */
		D92B26CA2C45E3F400A50C66 /* Sources */ = {
			isa = PBXSourcesBuildPhase;
			buildActionMask = 2147483647;
			files = (
				D926A90E2C45F67700B421EF /* BookManager.swift in Sources */,
				D92B26D42C45E3F400A50C66 /* ContentView.swift in Sources */,
				D92B26E42C45E6EA00A50C66 /* BeActivTabView.swift in Sources */,
				D92B26E22C45E6C000A50C66 /* HomeView.swift in Sources */,
				D92B26D22C45E3F400A50C66 /* bookTrackerApp.swift in Sources */,
				D92B26E62C45E89600A50C66 /* ActivityCard.swift in Sources */,
			);
			runOnlyForDeploymentPostprocessing = 0;
		};
/* End PBXSourcesBuildPhase section */

/* Begin XCBuildConfiguration section */
		D92B26DA2C45E3F500A50C66 /* Debug */ = {
			isa = XCBuildConfiguration;
			buildSettings = {
				ALWAYS_SEARCH_USER_PATHS = NO;
				ASSETCATALOG_COMPILER_GENERATE_SWIFT_ASSET_SYMBOL_EXTENSIONS = YES;
				CLANG_ANALYZER_NONNULL = YES;
				CLANG_ANALYZER_NUMBER_OBJECT_CONVERSION = YES_AGGRESSIVE;
				CLANG_CXX_LANGUAGE_STANDARD = "gnu++20";
				CLANG_ENABLE_MODULES = YES;
				CLANG_ENABLE_OBJC_ARC = YES;
				CLANG_ENABLE_OBJC_WEAK = YES;
				CLANG_WARN_BLOCK_CAPTURE_AUTORELEASING = YES;
				CLANG_WARN_BOOL_CONVERSION = YES;
				CLANG_WARN_COMMA = YES;
				CLANG_WARN_CONSTANT_CONVERSION = YES;
				CLANG_WARN_DEPRECATED_OBJC_IMPLEMENTATIONS = YES;
				CLANG_WARN_DIRECT_OBJC_ISA_USAGE = YES_ERROR;
				CLANG_WARN_DOCUMENTATION_COMMENTS = YES;
				CLANG_WARN_EMPTY_BODY = YES;
				CLANG_WARN_ENUM_CONVERSION = YES;
				CLANG_WARN_INFINITE_RECURSION = YES;
				CLANG_WARN_INT_CONVERSION = YES;
				CLANG_WARN_NON_LITERAL_NULL_CONVERSION = YES;
				CLANG_WARN_OBJC_IMPLICIT_RETAIN_SELF = YES;
				CLANG_WARN_OBJC_LITERAL_CONVERSION = YES;
				CLANG_WARN_OBJC_ROOT_CLASS = YES_ERROR;
				CLANG_WARN_QUOTED_INCLUDE_IN_FRAMEWORK_HEADER = YES;
				CLANG_WARN_RANGE_LOOP_ANALYSIS = YES;
				CLANG_WARN_STRICT_PROTOTYPES = YES;
				CLANG_WARN_SUSPICIOUS_MOVE = YES;
				CLANG_WARN_UNGUARDED_AVAILABILITY = YES_AGGRESSIVE;
				CLANG_WARN_UNREACHABLE_CODE = YES;
				CLANG_WARN__DUPLICATE_METHOD_MATCH = YES;
				COPY_PHASE_STRIP = NO;
				DEBUG_INFORMATION_FORMAT = dwarf;
				ENABLE_STRICT_OBJC_MSGSEND = YES;
				ENABLE_TESTABILITY = YES;
				ENABLE_USER_SCRIPT_SANDBOXING = YES;
				GCC_C_LANGUAGE_STANDARD = gnu17;
				GCC_DYNAMIC_NO_PIC = NO;
				GCC_NO_COMMON_BLOCKS = YES;
				GCC_OPTIMIZATION_LEVEL = 0;
				GCC_PREPROCESSOR_DEFINITIONS = (
					"DEBUG=1",
					"$(inherited)",
				);
				GCC_WARN_64_TO_32_BIT_CONVERSION = YES;
				GCC_WARN_ABOUT_RETURN_TYPE = YES_ERROR;
				GCC_WARN_UNDECLARED_SELECTOR = YES;
				GCC_WARN_UNINITIALIZED_AUTOS = YES_AGGRESSIVE;
				GCC_WARN_UNUSED_FUNCTION = YES;
				GCC_WARN_UNUSED_VARIABLE = YES;
				IPHONEOS_DEPLOYMENT_TARGET = 17.5;
				LOCALIZATION_PREFERS_STRING_CATALOGS = YES;
				MTL_ENABLE_DEBUG_INFO = INCLUDE_SOURCE;
				MTL_FAST_MATH = YES;
				ONLY_ACTIVE_ARCH = YES;
				SDKROOT = iphoneos;
				SWIFT_ACTIVE_COMPILATION_CONDITIONS = "DEBUG $(inherited)";
				SWIFT_OPTIMIZATION_LEVEL = "-Onone";
			};
			name = Debug;
		};
		D92B26DB2C45E3F500A50C66 /* Release */ = {
			isa = XCBuildConfiguration;
			buildSettings = {
				ALWAYS_SEARCH_USER_PATHS = NO;
				ASSETCATALOG_COMPILER_GENERATE_SWIFT_ASSET_SYMBOL_EXTENSIONS = YES;
				CLANG_ANALYZER_NONNULL = YES;
				CLANG_ANALYZER_NUMBER_OBJECT_CONVERSION = YES_AGGRESSIVE;
				CLANG_CXX_LANGUAGE_STANDARD = "gnu++20";
				CLANG_ENABLE_MODULES = YES;
				CLANG_ENABLE_OBJC_ARC = YES;
				CLANG_ENABLE_OBJC_WEAK = YES;
				CLANG_WARN_BLOCK_CAPTURE_AUTORELEASING = YES;
				CLANG_WARN_BOOL_CONVERSION = YES;
				CLANG_WARN_COMMA = YES;
				CLANG_WARN_CONSTANT_CONVERSION = YES;
				CLANG_WARN_DEPRECATED_OBJC_IMPLEMENTATIONS = YES;
				CLANG_WARN_DIRECT_OBJC_ISA_USAGE = YES_ERROR;
				CLANG_WARN_DOCUMENTATION_COMMENTS = YES;
				CLANG_WARN_EMPTY_BODY = YES;
				CLANG_WARN_ENUM_CONVERSION = YES;
				CLANG_WARN_INFINITE_RECURSION = YES;
				CLANG_WARN_INT_CONVERSION = YES;
				CLANG_WARN_NON_LITERAL_NULL_CONVERSION = YES;
				CLANG_WARN_OBJC_IMPLICIT_RETAIN_SELF = YES;
				CLANG_WARN_OBJC_LITERAL_CONVERSION = YES;
				CLANG_WARN_OBJC_ROOT_CLASS = YES_ERROR;
				CLANG_WARN_QUOTED_INCLUDE_IN_FRAMEWORK_HEADER = YES;
				CLANG_WARN_RANGE_LOOP_ANALYSIS = YES;
				CLANG_WARN_STRICT_PROTOTYPES = YES;
				CLANG_WARN_SUSPICIOUS_MOVE = YES;
				CLANG_WARN_UNGUARDED_AVAILABILITY = YES_AGGRESSIVE;
				CLANG_WARN_UNREACHABLE_CODE = YES;
				CLANG_WARN__DUPLICATE_METHOD_MATCH = YES;
				COPY_PHASE_STRIP = NO;
				DEBUG_INFORMATION_FORMAT = "dwarf-with-dsym";
				ENABLE_NS_ASSERTIONS = NO;
				ENABLE_STRICT_OBJC_MSGSEND = YES;
				ENABLE_USER_SCRIPT_SANDBOXING = YES;
				GCC_C_LANGUAGE_STANDARD = gnu17;
				GCC_NO_COMMON_BLOCKS = YES;
				GCC_WARN_64_TO_32_BIT_CONVERSION = YES;
				GCC_WARN_ABOUT_RETURN_TYPE = YES_ERROR;
				GCC_WARN_UNDECLARED_SELECTOR = YES;
				GCC_WARN_UNINITIALIZED_AUTOS = YES_AGGRESSIVE;
				GCC_WARN_UNUSED_FUNCTION = YES;
				GCC_WARN_UNUSED_VARIABLE = YES;
				IPHONEOS_DEPLOYMENT_TARGET = 17.5;
				LOCALIZATION_PREFERS_STRING_CATALOGS = YES;
				MTL_ENABLE_DEBUG_INFO = NO;
				MTL_FAST_MATH = YES;
				SDKROOT = iphoneos;
				SWIFT_COMPILATION_MODE = wholemodule;
				VALIDATE_PRODUCT = YES;
			};
			name = Release;
		};
		D92B26DD2C45E3F500A50C66 /* Debug */ = {
			isa = XCBuildConfiguration;
			buildSettings = {
				ASSETCATALOG_COMPILER_APPICON_NAME = AppIcon;
				ASSETCATALOG_COMPILER_GLOBAL_ACCENT_COLOR_NAME = AccentColor;
				CODE_SIGN_ENTITLEMENTS = bookTracker/bookTracker.entitlements;
				CODE_SIGN_STYLE = Automatic;
				CURRENT_PROJECT_VERSION = 1;
				DEVELOPMENT_ASSET_PATHS = "\"bookTracker/Preview Content\"";
				ENABLE_PREVIEWS = YES;
				GENERATE_INFOPLIST_FILE = YES;
				INFOPLIST_FILE = bookTracker/Info.plist;
				INFOPLIST_KEY_NSHealthShareUsageDescription = "Please allow access to enjoy all the features of our application";
				INFOPLIST_KEY_UIApplicationSceneManifest_Generation = YES;
				INFOPLIST_KEY_UIApplicationSupportsIndirectInputEvents = YES;
				INFOPLIST_KEY_UILaunchScreen_Generation = YES;
				INFOPLIST_KEY_UISupportedInterfaceOrientations_iPad = "UIInterfaceOrientationPortrait UIInterfaceOrientationPortraitUpsideDown UIInterfaceOrientationLandscapeLeft UIInterfaceOrientationLandscapeRight";
				INFOPLIST_KEY_UISupportedInterfaceOrientations_iPhone = "UIInterfaceOrientationPortrait UIInterfaceOrientationLandscapeLeft UIInterfaceOrientationLandscapeRight";
				LD_RUNPATH_SEARCH_PATHS = (
					"$(inherited)",
					"@executable_path/Frameworks",
				);
				MARKETING_VERSION = 1.0;
				PRODUCT_BUNDLE_IDENTIFIER = Waniya.bookTracker;
				PRODUCT_NAME = "$(TARGET_NAME)";
				SWIFT_EMIT_LOC_STRINGS = YES;
				SWIFT_VERSION = 5.0;
				TARGETED_DEVICE_FAMILY = "1,2";
			};
			name = Debug;
		};
		D92B26DE2C45E3F500A50C66 /* Release */ = {
			isa = XCBuildConfiguration;
			buildSettings = {
				ASSETCATALOG_COMPILER_APPICON_NAME = AppIcon;
				ASSETCATALOG_COMPILER_GLOBAL_ACCENT_COLOR_NAME = AccentColor;
				CODE_SIGN_ENTITLEMENTS = bookTracker/bookTracker.entitlements;
				CODE_SIGN_STYLE = Automatic;
				CURRENT_PROJECT_VERSION = 1;
				DEVELOPMENT_ASSET_PATHS = "\"bookTracker/Preview Content\"";
				ENABLE_PREVIEWS = YES;
				GENERATE_INFOPLIST_FILE = YES;
				INFOPLIST_FILE = bookTracker/Info.plist;
				INFOPLIST_KEY_NSHealthShareUsageDescription = "Please allow access to enjoy all the features of our application";
				INFOPLIST_KEY_UIApplicationSceneManifest_Generation = YES;
				INFOPLIST_KEY_UIApplicationSupportsIndirectInputEvents = YES;
				INFOPLIST_KEY_UILaunchScreen_Generation = YES;
				INFOPLIST_KEY_UISupportedInterfaceOrientations_iPad = "UIInterfaceOrientationPortrait UIInterfaceOrientationPortraitUpsideDown UIInterfaceOrientationLandscapeLeft UIInterfaceOrientationLandscapeRight";
				INFOPLIST_KEY_UISupportedInterfaceOrientations_iPhone = "UIInterfaceOrientationPortrait UIInterfaceOrientationLandscapeLeft UIInterfaceOrientationLandscapeRight";
				LD_RUNPATH_SEARCH_PATHS = (
					"$(inherited)",
					"@executable_path/Frameworks",
				);
				MARKETING_VERSION = 1.0;
				PRODUCT_BUNDLE_IDENTIFIER = Waniya.bookTracker;
				PRODUCT_NAME = "$(TARGET_NAME)";
				SWIFT_EMIT_LOC_STRINGS = YES;
				SWIFT_VERSION = 5.0;
				TARGETED_DEVICE_FAMILY = "1,2";
			};
			name = Release;
		};
/* End XCBuildConfiguration section */

/* Begin XCConfigurationList section */
		D92B26C92C45E3F400A50C66 /* Build configuration list for PBXProject "bookTracker" */ = {
			isa = XCConfigurationList;
			buildConfigurations = (
				D92B26DA2C45E3F500A50C66 /* Debug */,
				D92B26DB2C45E3F500A50C66 /* Release */,
			);
			defaultConfigurationIsVisible = 0;
			defaultConfigurationName = Release;
		};
		D92B26DC2C45E3F500A50C66 /* Build configuration list for PBXNativeTarget "bookTracker" */ = {
			isa = XCConfigurationList;
			buildConfigurations = (
				D92B26DD2C45E3F500A50C66 /* Debug */,
				D92B26DE2C45E3F500A50C66 /* Release */,
			);
			defaultConfigurationIsVisible = 0;
			defaultConfigurationName = Release;
		};
/* End XCConfigurationList section */
	};
	rootObject = D92B26C62C45E3F400A50C66 /* Project object */;
}
