// !$*UTF8*$!
{
	archiveVersion = 1;
	classes = {
	};
	objectVersion = 56;
	objects = {

/* Begin PBXBuildFile section */
		D9CA48C82C44870500B7707D /* GameApp.swift in Sources */ = {isa = PBXBuildFile; fileRef = D9CA48C72C44870500B7707D /* GameApp.swift */; };
		D9CA48CC2C44870600B7707D /* Assets.xcassets in Resources */ = {isa = PBXBuildFile; fileRef = D9CA48CB2C44870600B7707D /* Assets.xcassets */; };
		D9CA48CF2C44870600B7707D /* Preview Assets.xcassets in Resources */ = {isa = PBXBuildFile; fileRef = D9CA48CE2C44870600B7707D /* Preview Assets.xcassets */; };
		D9CA48E22C448B2D00B7707D /* PrimaryButton.swift in Sources */ = {isa = PBXBuildFile; fileRef = D9CA48E12C448B2D00B7707D /* PrimaryButton.swift */; };
		D9CA48E42C448BB800B7707D /* ProgressBar.swift in Sources */ = {isa = PBXBuildFile; fileRef = D9CA48E32C448BB800B7707D /* ProgressBar.swift */; };
		D9CA48E62C448C0000B7707D /* AnswerRow.swift in Sources */ = {isa = PBXBuildFile; fileRef = D9CA48E52C448C0000B7707D /* AnswerRow.swift */; };
		D9CA48ED2C448E8B00B7707D /* Answer.swift in Sources */ = {isa = PBXBuildFile; fileRef = D9CA48EC2C448E8B00B7707D /* Answer.swift */; };
		D9CA48EF2C448EB200B7707D /* Trivia.swift in Sources */ = {isa = PBXBuildFile; fileRef = D9CA48EE2C448EB200B7707D /* Trivia.swift */; };
		D9CA48F32C448FB200B7707D /* TriviaManager.swift in Sources */ = {isa = PBXBuildFile; fileRef = D9CA48F22C448FB200B7707D /* TriviaManager.swift */; };
		D9CA48F52C44900300B7707D /* Extension.swift in Sources */ = {isa = PBXBuildFile; fileRef = D9CA48F42C44900300B7707D /* Extension.swift */; };
		D9EB00012C4580D10011B028 /* QuestionView.swift in Sources */ = {isa = PBXBuildFile; fileRef = D9EB00002C4580D10011B028 /* QuestionView.swift */; };
		D9EB00032C4581090011B028 /* TriviaView.swift in Sources */ = {isa = PBXBuildFile; fileRef = D9EB00022C4581090011B028 /* TriviaView.swift */; };
		D9EBFFFF2C4580B20011B028 /* mainView.swift in Sources */ = {isa = PBXBuildFile; fileRef = D9EBFFFE2C4580B20011B028 /* mainView.swift */; };
/* End PBXBuildFile section */

/* Begin PBXFileReference section */
		D9CA48C42C44870500B7707D /* GameApp.app */ = {isa = PBXFileReference; explicitFileType = wrapper.application; includeInIndex = 0; path = GameApp.app; sourceTree = BUILT_PRODUCTS_DIR; };
		D9CA48C72C44870500B7707D /* GameApp.swift */ = {isa = PBXFileReference; lastKnownFileType = sourcecode.swift; path = GameApp.swift; sourceTree = "<group>"; };
		D9CA48CB2C44870600B7707D /* Assets.xcassets */ = {isa = PBXFileReference; lastKnownFileType = folder.assetcatalog; path = Assets.xcassets; sourceTree = "<group>"; };
		D9CA48CE2C44870600B7707D /* Preview Assets.xcassets */ = {isa = PBXFileReference; lastKnownFileType = folder.assetcatalog; path = "Preview Assets.xcassets"; sourceTree = "<group>"; };
		D9CA48E12C448B2D00B7707D /* PrimaryButton.swift */ = {isa = PBXFileReference; lastKnownFileType = sourcecode.swift; path = PrimaryButton.swift; sourceTree = "<group>"; };
		D9CA48E32C448BB800B7707D /* ProgressBar.swift */ = {isa = PBXFileReference; lastKnownFileType = sourcecode.swift; path = ProgressBar.swift; sourceTree = "<group>"; };
		D9CA48E52C448C0000B7707D /* AnswerRow.swift */ = {isa = PBXFileReference; lastKnownFileType = sourcecode.swift; path = AnswerRow.swift; sourceTree = "<group>"; };
		D9CA48EC2C448E8B00B7707D /* Answer.swift */ = {isa = PBXFileReference; lastKnownFileType = sourcecode.swift; path = Answer.swift; sourceTree = "<group>"; };
		D9CA48EE2C448EB200B7707D /* Trivia.swift */ = {isa = PBXFileReference; lastKnownFileType = sourcecode.swift; path = Trivia.swift; sourceTree = "<group>"; };
		D9CA48F22C448FB200B7707D /* TriviaManager.swift */ = {isa = PBXFileReference; lastKnownFileType = sourcecode.swift; path = TriviaManager.swift; sourceTree = "<group>"; };
		D9CA48F42C44900300B7707D /* Extension.swift */ = {isa = PBXFileReference; lastKnownFileType = sourcecode.swift; path = Extension.swift; sourceTree = "<group>"; };
		D9EB00002C4580D10011B028 /* QuestionView.swift */ = {isa = PBXFileReference; lastKnownFileType = sourcecode.swift; path = QuestionView.swift; sourceTree = "<group>"; };
		D9EB00022C4581090011B028 /* TriviaView.swift */ = {isa = PBXFileReference; lastKnownFileType = sourcecode.swift; path = TriviaView.swift; sourceTree = "<group>"; };
		D9EBFFFE2C4580B20011B028 /* mainView.swift */ = {isa = PBXFileReference; lastKnownFileType = sourcecode.swift; path = mainView.swift; sourceTree = "<group>"; };
/* End PBXFileReference section */

/* Begin PBXFrameworksBuildPhase section */
		D9CA48C12C44870500B7707D /* Frameworks */ = {
			isa = PBXFrameworksBuildPhase;
			buildActionMask = 2147483647;
			files = (
			);
			runOnlyForDeploymentPostprocessing = 0;
		};
/* End PBXFrameworksBuildPhase section */

/* Begin PBXGroup section */
		D9CA48BB2C44870500B7707D = {
			isa = PBXGroup;
			children = (
				D9CA48C62C44870500B7707D /* GameApp */,
				D9CA48C52C44870500B7707D /* Products */,
			);
			sourceTree = "<group>";
		};
		D9CA48C52C44870500B7707D /* Products */ = {
			isa = PBXGroup;
			children = (
				D9CA48C42C44870500B7707D /* GameApp.app */,
			);
			name = Products;
			sourceTree = "<group>";
		};
		D9CA48C62C44870500B7707D /* GameApp */ = {
			isa = PBXGroup;
			children = (
				D9CA48C72C44870500B7707D /* GameApp.swift */,
				D9CA48DB2C4487A900B7707D /* Views */,
				D9CA48E02C448AE500B7707D /* Components */,
				D9CA48EB2C448E7100B7707D /* Models */,
				D9CA48CB2C44870600B7707D /* Assets.xcassets */,
				D9CA48CD2C44870600B7707D /* Preview Content */,
				D9CA48F42C44900300B7707D /* Extension.swift */,
				D9CA48F22C448FB200B7707D /* TriviaManager.swift */,
			);
			path = GameApp;
			sourceTree = "<group>";
		};
		D9CA48CD2C44870600B7707D /* Preview Content */ = {
			isa = PBXGroup;
			children = (
				D9CA48CE2C44870600B7707D /* Preview Assets.xcassets */,
			);
			path = "Preview Content";
			sourceTree = "<group>";
		};
		D9CA48DB2C4487A900B7707D /* Views */ = {
			isa = PBXGroup;
			children = (
				D9EBFFFE2C4580B20011B028 /* mainView.swift */,
				D9EB00002C4580D10011B028 /* QuestionView.swift */,
				D9EB00022C4581090011B028 /* TriviaView.swift */,
			);
			path = Views;
			sourceTree = "<group>";
		};
		D9CA48E02C448AE500B7707D /* Components */ = {
			isa = PBXGroup;
			children = (
				D9CA48E12C448B2D00B7707D /* PrimaryButton.swift */,
				D9CA48E32C448BB800B7707D /* ProgressBar.swift */,
				D9CA48E52C448C0000B7707D /* AnswerRow.swift */,
			);
			path = Components;
			sourceTree = "<group>";
		};
		D9CA48EB2C448E7100B7707D /* Models */ = {
			isa = PBXGroup;
			children = (
				D9CA48EC2C448E8B00B7707D /* Answer.swift */,
				D9CA48EE2C448EB200B7707D /* Trivia.swift */,
			);
			path = Models;
			sourceTree = "<group>";
		};
/* End PBXGroup section */

/* Begin PBXNativeTarget section */
		D9CA48C32C44870500B7707D /* GameApp */ = {
			isa = PBXNativeTarget;
			buildConfigurationList = D9CA48D22C44870600B7707D /* Build configuration list for PBXNativeTarget "GameApp" */;
			buildPhases = (
				D9CA48C02C44870500B7707D /* Sources */,
				D9CA48C12C44870500B7707D /* Frameworks */,
				D9CA48C22C44870500B7707D /* Resources */,
			);
			buildRules = (
			);
			dependencies = (
			);
			name = GameApp;
			productName = GameApp;
			productReference = D9CA48C42C44870500B7707D /* GameApp.app */;
			productType = "com.apple.product-type.application";
		};
/* End PBXNativeTarget section */

/* Begin PBXProject section */
		D9CA48BC2C44870500B7707D /* Project object */ = {
			isa = PBXProject;
			attributes = {
				BuildIndependentTargetsInParallel = 1;
				LastSwiftUpdateCheck = 1540;
				LastUpgradeCheck = 1540;
				TargetAttributes = {
					D9CA48C32C44870500B7707D = {
						CreatedOnToolsVersion = 15.4;
					};
				};
			};
			buildConfigurationList = D9CA48BF2C44870500B7707D /* Build configuration list for PBXProject "GameApp" */;
			compatibilityVersion = "Xcode 14.0";
			developmentRegion = en;
			hasScannedForEncodings = 0;
			knownRegions = (
				en,
				Base,
			);
			mainGroup = D9CA48BB2C44870500B7707D;
			productRefGroup = D9CA48C52C44870500B7707D /* Products */;
			projectDirPath = "";
			projectRoot = "";
			targets = (
				D9CA48C32C44870500B7707D /* GameApp */,
			);
		};
/* End PBXProject section */

/* Begin PBXResourcesBuildPhase section */
		D9CA48C22C44870500B7707D /* Resources */ = {
			isa = PBXResourcesBuildPhase;
			buildActionMask = 2147483647;
			files = (
				D9CA48CF2C44870600B7707D /* Preview Assets.xcassets in Resources */,
				D9CA48CC2C44870600B7707D /* Assets.xcassets in Resources */,
			);
			runOnlyForDeploymentPostprocessing = 0;
		};
/* End PBXResourcesBuildPhase section */

/* Begin PBXSourcesBuildPhase section */
		D9CA48C02C44870500B7707D /* Sources */ = {
			isa = PBXSourcesBuildPhase;
			buildActionMask = 2147483647;
			files = (
				D9CA48F32C448FB200B7707D /* TriviaManager.swift in Sources */,
				D9CA48EF2C448EB200B7707D /* Trivia.swift in Sources */,
				D9EB00032C4581090011B028 /* TriviaView.swift in Sources */,
				D9CA48F52C44900300B7707D /* Extension.swift in Sources */,
				D9CA48E22C448B2D00B7707D /* PrimaryButton.swift in Sources */,
				D9EB00012C4580D10011B028 /* QuestionView.swift in Sources */,
				D9CA48E62C448C0000B7707D /* AnswerRow.swift in Sources */,
				D9CA48E42C448BB800B7707D /* ProgressBar.swift in Sources */,
				D9EBFFFF2C4580B20011B028 /* mainView.swift in Sources */,
				D9CA48C82C44870500B7707D /* GameApp.swift in Sources */,
				D9CA48ED2C448E8B00B7707D /* Answer.swift in Sources */,
			);
			runOnlyForDeploymentPostprocessing = 0;
		};
/* End PBXSourcesBuildPhase section */

/* Begin XCBuildConfiguration section */
		D9CA48D02C44870600B7707D /* Debug */ = {
			isa = XCBuildConfiguration;
			buildSettings = {
				ALWAYS_SEARCH_USER_PATHS = NO;
				ASSETCATALOG_COMPILER_GENERATE_SWIFT_ASSET_SYMBOL_EXTENSIONS = YES;
				CLANG_ANALYZER_NONNULL = YES;
				CLANG_ANALYZER_NUMBER_OBJECT_CONVERSION = YES_AGGRESSIVE;
				CLANG_CXX_LANGUAGE_STANDARD = "gnu++20";
				CLANG_ENABLE_MODULES = YES;
				CLANG_ENABLE_OBJC_ARC = YES;
				CLANG_ENABLE_OBJC_WEAK = YES;
				CLANG_WARN_BLOCK_CAPTURE_AUTORELEASING = YES;
				CLANG_WARN_BOOL_CONVERSION = YES;
				CLANG_WARN_COMMA = YES;
				CLANG_WARN_CONSTANT_CONVERSION = YES;
				CLANG_WARN_DEPRECATED_OBJC_IMPLEMENTATIONS = YES;
				CLANG_WARN_DIRECT_OBJC_ISA_USAGE = YES_ERROR;
				CLANG_WARN_DOCUMENTATION_COMMENTS = YES;
				CLANG_WARN_EMPTY_BODY = YES;
				CLANG_WARN_ENUM_CONVERSION = YES;
				CLANG_WARN_INFINITE_RECURSION = YES;
				CLANG_WARN_INT_CONVERSION = YES;
				CLANG_WARN_NON_LITERAL_NULL_CONVERSION = YES;
				CLANG_WARN_OBJC_IMPLICIT_RETAIN_SELF = YES;
				CLANG_WARN_OBJC_LITERAL_CONVERSION = YES;
				CLANG_WARN_OBJC_ROOT_CLASS = YES_ERROR;
				CLANG_WARN_QUOTED_INCLUDE_IN_FRAMEWORK_HEADER = YES;
				CLANG_WARN_RANGE_LOOP_ANALYSIS = YES;
				CLANG_WARN_STRICT_PROTOTYPES = YES;
				CLANG_WARN_SUSPICIOUS_MOVE = YES;
				CLANG_WARN_UNGUARDED_AVAILABILITY = YES_AGGRESSIVE;
				CLANG_WARN_UNREACHABLE_CODE = YES;
				CLANG_WARN__DUPLICATE_METHOD_MATCH = YES;
				COPY_PHASE_STRIP = NO;
				DEBUG_INFORMATION_FORMAT = dwarf;
				ENABLE_STRICT_OBJC_MSGSEND = YES;
				ENABLE_TESTABILITY = YES;
				ENABLE_USER_SCRIPT_SANDBOXING = YES;
				GCC_C_LANGUAGE_STANDARD = gnu17;
				GCC_DYNAMIC_NO_PIC = NO;
				GCC_NO_COMMON_BLOCKS = YES;
				GCC_OPTIMIZATION_LEVEL = 0;
				GCC_PREPROCESSOR_DEFINITIONS = (
					"DEBUG=1",
					"$(inherited)",
				);
				GCC_WARN_64_TO_32_BIT_CONVERSION = YES;
				GCC_WARN_ABOUT_RETURN_TYPE = YES_ERROR;
				GCC_WARN_UNDECLARED_SELECTOR = YES;
				GCC_WARN_UNINITIALIZED_AUTOS = YES_AGGRESSIVE;
				GCC_WARN_UNUSED_FUNCTION = YES;
				GCC_WARN_UNUSED_VARIABLE = YES;
				IPHONEOS_DEPLOYMENT_TARGET = 17.5;
				LOCALIZATION_PREFERS_STRING_CATALOGS = YES;
				MTL_ENABLE_DEBUG_INFO = INCLUDE_SOURCE;
				MTL_FAST_MATH = YES;
				ONLY_ACTIVE_ARCH = YES;
				SDKROOT = iphoneos;
				SWIFT_ACTIVE_COMPILATION_CONDITIONS = "DEBUG $(inherited)";
				SWIFT_OPTIMIZATION_LEVEL = "-Onone";
			};
			name = Debug;
		};
		D9CA48D12C44870600B7707D /* Release */ = {
			isa = XCBuildConfiguration;
			buildSettings = {
				ALWAYS_SEARCH_USER_PATHS = NO;
				ASSETCATALOG_COMPILER_GENERATE_SWIFT_ASSET_SYMBOL_EXTENSIONS = YES;
				CLANG_ANALYZER_NONNULL = YES;
				CLANG_ANALYZER_NUMBER_OBJECT_CONVERSION = YES_AGGRESSIVE;
				CLANG_CXX_LANGUAGE_STANDARD = "gnu++20";
				CLANG_ENABLE_MODULES = YES;
				CLANG_ENABLE_OBJC_ARC = YES;
				CLANG_ENABLE_OBJC_WEAK = YES;
				CLANG_WARN_BLOCK_CAPTURE_AUTORELEASING = YES;
				CLANG_WARN_BOOL_CONVERSION = YES;
				CLANG_WARN_COMMA = YES;
				CLANG_WARN_CONSTANT_CONVERSION = YES;
				CLANG_WARN_DEPRECATED_OBJC_IMPLEMENTATIONS = YES;
				CLANG_WARN_DIRECT_OBJC_ISA_USAGE = YES_ERROR;
				CLANG_WARN_DOCUMENTATION_COMMENTS = YES;
				CLANG_WARN_EMPTY_BODY = YES;
				CLANG_WARN_ENUM_CONVERSION = YES;
				CLANG_WARN_INFINITE_RECURSION = YES;
				CLANG_WARN_INT_CONVERSION = YES;
				CLANG_WARN_NON_LITERAL_NULL_CONVERSION = YES;
				CLANG_WARN_OBJC_IMPLICIT_RETAIN_SELF = YES;
				CLANG_WARN_OBJC_LITERAL_CONVERSION = YES;
				CLANG_WARN_OBJC_ROOT_CLASS = YES_ERROR;
				CLANG_WARN_QUOTED_INCLUDE_IN_FRAMEWORK_HEADER = YES;
				CLANG_WARN_RANGE_LOOP_ANALYSIS = YES;
				CLANG_WARN_STRICT_PROTOTYPES = YES;
				CLANG_WARN_SUSPICIOUS_MOVE = YES;
				CLANG_WARN_UNGUARDED_AVAILABILITY = YES_AGGRESSIVE;
				CLANG_WARN_UNREACHABLE_CODE = YES;
				CLANG_WARN__DUPLICATE_METHOD_MATCH = YES;
				COPY_PHASE_STRIP = NO;
				DEBUG_INFORMATION_FORMAT = "dwarf-with-dsym";
				ENABLE_NS_ASSERTIONS = NO;
				ENABLE_STRICT_OBJC_MSGSEND = YES;
				ENABLE_USER_SCRIPT_SANDBOXING = YES;
				GCC_C_LANGUAGE_STANDARD = gnu17;
				GCC_NO_COMMON_BLOCKS = YES;
				GCC_WARN_64_TO_32_BIT_CONVERSION = YES;
				GCC_WARN_ABOUT_RETURN_TYPE = YES_ERROR;
				GCC_WARN_UNDECLARED_SELECTOR = YES;
				GCC_WARN_UNINITIALIZED_AUTOS = YES_AGGRESSIVE;
				GCC_WARN_UNUSED_FUNCTION = YES;
				GCC_WARN_UNUSED_VARIABLE = YES;
				IPHONEOS_DEPLOYMENT_TARGET = 17.5;
				LOCALIZATION_PREFERS_STRING_CATALOGS = YES;
				MTL_ENABLE_DEBUG_INFO = NO;
				MTL_FAST_MATH = YES;
				SDKROOT = iphoneos;
				SWIFT_COMPILATION_MODE = wholemodule;
				VALIDATE_PRODUCT = YES;
			};
			name = Release;
		};
		D9CA48D32C44870600B7707D /* Debug */ = {
			isa = XCBuildConfiguration;
			buildSettings = {
				ASSETCATALOG_COMPILER_APPICON_NAME = AppIcon;
				ASSETCATALOG_COMPILER_GLOBAL_ACCENT_COLOR_NAME = AccentColor;
				CODE_SIGN_STYLE = Automatic;
				CURRENT_PROJECT_VERSION = 1;
				DEVELOPMENT_ASSET_PATHS = "\"GameApp/Preview Content\"";
				ENABLE_PREVIEWS = YES;
				GENERATE_INFOPLIST_FILE = YES;
				INFOPLIST_KEY_UIApplicationSceneManifest_Generation = YES;
				INFOPLIST_KEY_UIApplicationSupportsIndirectInputEvents = YES;
				INFOPLIST_KEY_UILaunchScreen_Generation = YES;
				INFOPLIST_KEY_UISupportedInterfaceOrientations_iPad = "UIInterfaceOrientationPortrait UIInterfaceOrientationPortraitUpsideDown UIInterfaceOrientationLandscapeLeft UIInterfaceOrientationLandscapeRight";
				INFOPLIST_KEY_UISupportedInterfaceOrientations_iPhone = "UIInterfaceOrientationPortrait UIInterfaceOrientationLandscapeLeft UIInterfaceOrientationLandscapeRight";
				LD_RUNPATH_SEARCH_PATHS = (
					"$(inherited)",
					"@executable_path/Frameworks",
				);
				MARKETING_VERSION = 1.0;
				PRODUCT_BUNDLE_IDENTIFIER = Waniya.GameApp;
				PRODUCT_NAME = "$(TARGET_NAME)";
				SWIFT_EMIT_LOC_STRINGS = YES;
				SWIFT_VERSION = 5.0;
				TARGETED_DEVICE_FAMILY = "1,2";
			};
			name = Debug;
		};
		D9CA48D42C44870600B7707D /* Release */ = {
			isa = XCBuildConfiguration;
			buildSettings = {
				ASSETCATALOG_COMPILER_APPICON_NAME = AppIcon;
				ASSETCATALOG_COMPILER_GLOBAL_ACCENT_COLOR_NAME = AccentColor;
				CODE_SIGN_STYLE = Automatic;
				CURRENT_PROJECT_VERSION = 1;
				DEVELOPMENT_ASSET_PATHS = "\"GameApp/Preview Content\"";
				ENABLE_PREVIEWS = YES;
				GENERATE_INFOPLIST_FILE = YES;
				INFOPLIST_KEY_UIApplicationSceneManifest_Generation = YES;
				INFOPLIST_KEY_UIApplicationSupportsIndirectInputEvents = YES;
				INFOPLIST_KEY_UILaunchScreen_Generation = YES;
				INFOPLIST_KEY_UISupportedInterfaceOrientations_iPad = "UIInterfaceOrientationPortrait UIInterfaceOrientationPortraitUpsideDown UIInterfaceOrientationLandscapeLeft UIInterfaceOrientationLandscapeRight";
				INFOPLIST_KEY_UISupportedInterfaceOrientations_iPhone = "UIInterfaceOrientationPortrait UIInterfaceOrientationLandscapeLeft UIInterfaceOrientationLandscapeRight";
				LD_RUNPATH_SEARCH_PATHS = (
					"$(inherited)",
					"@executable_path/Frameworks",
				);
				MARKETING_VERSION = 1.0;
				PRODUCT_BUNDLE_IDENTIFIER = Waniya.GameApp;
				PRODUCT_NAME = "$(TARGET_NAME)";
				SWIFT_EMIT_LOC_STRINGS = YES;
				SWIFT_VERSION = 5.0;
				TARGETED_DEVICE_FAMILY = "1,2";
			};
			name = Release;
		};
/* End XCBuildConfiguration section */

/* Begin XCConfigurationList section */
		D9CA48BF2C44870500B7707D /* Build configuration list for PBXProject "GameApp" */ = {
			isa = XCConfigurationList;
			buildConfigurations = (
				D9CA48D02C44870600B7707D /* Debug */,
				D9CA48D12C44870600B7707D /* Release */,
			);
			defaultConfigurationIsVisible = 0;
			defaultConfigurationName = Release;
		};
		D9CA48D22C44870600B7707D /* Build configuration list for PBXNativeTarget "GameApp" */ = {
			isa = XCConfigurationList;
			buildConfigurations = (
				D9CA48D32C44870600B7707D /* Debug */,
				D9CA48D42C44870600B7707D /* Release */,
			);
			defaultConfigurationIsVisible = 0;
			defaultConfigurationName = Release;
		};
/* End XCConfigurationList section */
	};
	rootObject = D9CA48BC2C44870500B7707D /* Project object */;
}
